
Microsoft Visual Studio Solution File, Format Version 12.00
# Visual Studio Version 16
VisualStudioVersion = 16.0.29102.190
MinimumVisualStudioVersion = 10.0.40219.1
Project("{FAE04EC0-301F-11D3-BF4B-00C04F79EFBC}") = "WebApplication", "WebApplication\WebApplication.csproj", "{6934E8F3-A758-4D9B-A536-5761DC20640C}"
EndProject
Project("{FAE04EC0-301F-11D3-BF4B-00C04F79EFBC}") = "EFCore.Repo", "EFCore.Repo\EFCore.Repo.csproj", "{286796FC-356C-4A89-A72A-53183F063E12}"
EndProject
Project("{FAE04EC0-301F-11D3-BF4B-00C04F79EFBC}") = "EFCore.Dominio", "EFCore.Dominio\EFCore.Dominio.csproj", "{AB5C7E68-5E40-4395-8468-CF2FC1F55299}"
EndProject
Global
	GlobalSection(SolutionConfigurationPlatforms) = preSolution
		Debug|Any CPU = Debug|Any CPU
		Release|Any CPU = Release|Any CPU
	EndGlobalSection
	GlobalSection(ProjectConfigurationPlatforms) = postSolution
		{6934E8F3-A758-4D9B-A536-5761DC20640C}.Debug|Any CPU.ActiveCfg = Debug|Any CPU
		{6934E8F3-A758-4D9B-A536-5761DC20640C}.Debug|Any CPU.Build.0 = Debug|Any CPU
		{6934E8F3-A758-4D9B-A536-5761DC20640C}.Release|Any CPU.ActiveCfg = Release|Any CPU
		{6934E8F3-A758-4D9B-A536-5761DC20640C}.Release|Any CPU.Build.0 = Release|Any CPU
		{286796FC-356C-4A89-A72A-53183F063E12}.Debug|Any CPU.ActiveCfg = Debug|Any CPU
		{286796FC-356C-4A89-A72A-53183F063E12}.Debug|Any CPU.Build.0 = Debug|Any CPU
		{286796FC-356C-4A89-A72A-53183F063E12}.Release|Any CPU.ActiveCfg = Release|Any CPU
		{286796FC-356C-4A89-A72A-53183F063E12}.Release|Any CPU.Build.0 = Release|Any CPU
		{AB5C7E68-5E40-4395-8468-CF2FC1F55299}.Debug|Any CPU.ActiveCfg = Debug|Any CPU
		{AB5C7E68-5E40-4395-8468-CF2FC1F55299}.Debug|Any CPU.Build.0 = Debug|Any CPU
		{AB5C7E68-5E40-4395-8468-CF2FC1F55299}.Release|Any CPU.ActiveCfg = Release|Any CPU
		{AB5C7E68-5E40-4395-8468-CF2FC1F55299}.Release|Any CPU.Build.0 = Release|Any CPU
	EndGlobalSection
	GlobalSection(SolutionProperties) = preSolution
		HideSolutionNode = FALSE
	EndGlobalSection
	GlobalSection(ExtensibilityGlobals) = postSolution
		SolutionGuid = {48C54539-FC4C-4453-B476-33154E17CD06}
	EndGlobalSection
EndGlobal
